
Microsoft Visual Studio Solution File, Format Version 12.00
# Visual Studio Version 17
VisualStudioVersion = 17.4.33213.308
MinimumVisualStudioVersion = 10.0.40219.1
Project("{FAE04EC0-301F-11D3-BF4B-00C04F79EFBC}") = "GUI", "GUI\GUI.csproj", "{247A0E94-CB52-4570-84C1-0B292621B769}"
EndProject
Project("{FAE04EC0-301F-11D3-BF4B-00C04F79EFBC}") = "DTO", "DTO\DTO.csproj", "{67267AB4-3081-400A-B98A-99B050A1B036}"
EndProject
Project("{FAE04EC0-301F-11D3-BF4B-00C04F79EFBC}") = "DAL", "DAL\DAL.csproj", "{70072ECB-7EAC-41A0-A194-FBA48C7F9CF1}"
EndProject
Project("{FAE04EC0-301F-11D3-BF4B-00C04F79EFBC}") = "BUS", "BUS\BUS.csproj", "{44F38F79-8960-4FDE-9422-DA9C5F9681B9}"
EndProject
Global
	GlobalSection(SolutionConfigurationPlatforms) = preSolution
		Debug|Any CPU = Debug|Any CPU
		Release|Any CPU = Release|Any CPU
	EndGlobalSection
	GlobalSection(ProjectConfigurationPlatforms) = postSolution
		{247A0E94-CB52-4570-84C1-0B292621B769}.Debug|Any CPU.ActiveCfg = Debug|Any CPU
		{247A0E94-CB52-4570-84C1-0B292621B769}.Debug|Any CPU.Build.0 = Debug|Any CPU
		{247A0E94-CB52-4570-84C1-0B292621B769}.Release|Any CPU.ActiveCfg = Release|Any CPU
		{247A0E94-CB52-4570-84C1-0B292621B769}.Release|Any CPU.Build.0 = Release|Any CPU
		{67267AB4-3081-400A-B98A-99B050A1B036}.Debug|Any CPU.ActiveCfg = Debug|Any CPU
		{67267AB4-3081-400A-B98A-99B050A1B036}.Debug|Any CPU.Build.0 = Debug|Any CPU
		{67267AB4-3081-400A-B98A-99B050A1B036}.Release|Any CPU.ActiveCfg = Release|Any CPU
		{67267AB4-3081-400A-B98A-99B050A1B036}.Release|Any CPU.Build.0 = Release|Any CPU
		{70072ECB-7EAC-41A0-A194-FBA48C7F9CF1}.Debug|Any CPU.ActiveCfg = Debug|Any CPU
		{70072ECB-7EAC-41A0-A194-FBA48C7F9CF1}.Debug|Any CPU.Build.0 = Debug|Any CPU
		{70072ECB-7EAC-41A0-A194-FBA48C7F9CF1}.Release|Any CPU.ActiveCfg = Release|Any CPU
		{70072ECB-7EAC-41A0-A194-FBA48C7F9CF1}.Release|Any CPU.Build.0 = Release|Any CPU
		{44F38F79-8960-4FDE-9422-DA9C5F9681B9}.Debug|Any CPU.ActiveCfg = Debug|Any CPU
		{44F38F79-8960-4FDE-9422-DA9C5F9681B9}.Debug|Any CPU.Build.0 = Debug|Any CPU
		{44F38F79-8960-4FDE-9422-DA9C5F9681B9}.Release|Any CPU.ActiveCfg = Release|Any CPU
		{44F38F79-8960-4FDE-9422-DA9C5F9681B9}.Release|Any CPU.Build.0 = Release|Any CPU
	EndGlobalSection
	GlobalSection(SolutionProperties) = preSolution
		HideSolutionNode = FALSE
	EndGlobalSection
	GlobalSection(ExtensibilityGlobals) = postSolution
		SolutionGuid = {E2A080C5-7922-4817-A74E-6AA0F012D9A6}
	EndGlobalSection
EndGlobal
